
Microsoft Visual Studio Solution File, Format Version 12.00
# Visual Studio 2012
Project("{FAE04EC0-301F-11D3-BF4B-00C04F79EFBC}") = "yavc.Base", "yavc.Base\yavc.Base.csproj", "{8CCEDB88-0B47-4792-BC42-8431DDFCFA9F}"
EndProject
Project("{FAE04EC0-301F-11D3-BF4B-00C04F79EFBC}") = "yavc.Metro", "yavc.Metro\yavc.Metro.csproj", "{C42249F2-0B78-40B1-81C6-13B07874F74C}"
EndProject
Global
	GlobalSection(TeamFoundationVersionControl) = preSolution
		SccNumberOfProjects = 3
		SccEnterpriseProvider = {4CA58AB2-18FA-4F8D-95D4-32DDF27D184C}
		SccTeamFoundationServer = https://tfs.codeplex.com/tfs/tfs10
		SccProjectUniqueName0 = yavc.Base\\yavc.Base.csproj
		SccProjectName0 = yavc.Base
		SccLocalPath0 = yavc.Base
		SccLocalPath1 = .
		SccProjectUniqueName2 = yavc.Metro\\yavc.Metro.csproj
		SccProjectName2 = yavc.Metro
		SccLocalPath2 = yavc.Metro
	EndGlobalSection
	GlobalSection(SolutionConfigurationPlatforms) = preSolution
		Debug|Any CPU = Debug|Any CPU
		Debug|ARM = Debug|ARM
		Debug|Mixed Platforms = Debug|Mixed Platforms
		Debug|x64 = Debug|x64
		Debug|x86 = Debug|x86
		Release|Any CPU = Release|Any CPU
		Release|ARM = Release|ARM
		Release|Mixed Platforms = Release|Mixed Platforms
		Release|x64 = Release|x64
		Release|x86 = Release|x86
	EndGlobalSection
	GlobalSection(ProjectConfigurationPlatforms) = postSolution
		{8CCEDB88-0B47-4792-BC42-8431DDFCFA9F}.Debug|Any CPU.ActiveCfg = Debug|Any CPU
		{8CCEDB88-0B47-4792-BC42-8431DDFCFA9F}.Debug|Any CPU.Build.0 = Debug|Any CPU
		{8CCEDB88-0B47-4792-BC42-8431DDFCFA9F}.Debug|ARM.ActiveCfg = Debug|Any CPU
		{8CCEDB88-0B47-4792-BC42-8431DDFCFA9F}.Debug|Mixed Platforms.ActiveCfg = Debug|Any CPU
		{8CCEDB88-0B47-4792-BC42-8431DDFCFA9F}.Debug|Mixed Platforms.Build.0 = Debug|Any CPU
		{8CCEDB88-0B47-4792-BC42-8431DDFCFA9F}.Debug|x64.ActiveCfg = Debug|Any CPU
		{8CCEDB88-0B47-4792-BC42-8431DDFCFA9F}.Debug|x86.ActiveCfg = Debug|Any CPU
		{8CCEDB88-0B47-4792-BC42-8431DDFCFA9F}.Release|Any CPU.ActiveCfg = Release|Any CPU
		{8CCEDB88-0B47-4792-BC42-8431DDFCFA9F}.Release|Any CPU.Build.0 = Release|Any CPU
		{8CCEDB88-0B47-4792-BC42-8431DDFCFA9F}.Release|ARM.ActiveCfg = Release|Any CPU
		{8CCEDB88-0B47-4792-BC42-8431DDFCFA9F}.Release|Mixed Platforms.ActiveCfg = Release|Any CPU
		{8CCEDB88-0B47-4792-BC42-8431DDFCFA9F}.Release|Mixed Platforms.Build.0 = Release|Any CPU
		{8CCEDB88-0B47-4792-BC42-8431DDFCFA9F}.Release|x64.ActiveCfg = Release|Any CPU
		{8CCEDB88-0B47-4792-BC42-8431DDFCFA9F}.Release|x86.ActiveCfg = Release|Any CPU
		{C42249F2-0B78-40B1-81C6-13B07874F74C}.Debug|Any CPU.ActiveCfg = Debug|Any CPU
		{C42249F2-0B78-40B1-81C6-13B07874F74C}.Debug|Any CPU.Build.0 = Debug|Any CPU
		{C42249F2-0B78-40B1-81C6-13B07874F74C}.Debug|Any CPU.Deploy.0 = Debug|Any CPU
		{C42249F2-0B78-40B1-81C6-13B07874F74C}.Debug|ARM.ActiveCfg = Debug|ARM
		{C42249F2-0B78-40B1-81C6-13B07874F74C}.Debug|ARM.Build.0 = Debug|ARM
		{C42249F2-0B78-40B1-81C6-13B07874F74C}.Debug|ARM.Deploy.0 = Debug|ARM
		{C42249F2-0B78-40B1-81C6-13B07874F74C}.Debug|Mixed Platforms.ActiveCfg = Debug|x86
		{C42249F2-0B78-40B1-81C6-13B07874F74C}.Debug|Mixed Platforms.Build.0 = Debug|x86
		{C42249F2-0B78-40B1-81C6-13B07874F74C}.Debug|Mixed Platforms.Deploy.0 = Debug|x86
		{C42249F2-0B78-40B1-81C6-13B07874F74C}.Debug|x64.ActiveCfg = Debug|x64
		{C42249F2-0B78-40B1-81C6-13B07874F74C}.Debug|x64.Build.0 = Debug|x64
		{C42249F2-0B78-40B1-81C6-13B07874F74C}.Debug|x64.Deploy.0 = Debug|x64
		{C42249F2-0B78-40B1-81C6-13B07874F74C}.Debug|x86.ActiveCfg = Debug|x86
		{C42249F2-0B78-40B1-81C6-13B07874F74C}.Debug|x86.Build.0 = Debug|x86
		{C42249F2-0B78-40B1-81C6-13B07874F74C}.Debug|x86.Deploy.0 = Debug|x86
		{C42249F2-0B78-40B1-81C6-13B07874F74C}.Release|Any CPU.ActiveCfg = Release|Any CPU
		{C42249F2-0B78-40B1-81C6-13B07874F74C}.Release|Any CPU.Build.0 = Release|Any CPU
		{C42249F2-0B78-40B1-81C6-13B07874F74C}.Release|Any CPU.Deploy.0 = Release|Any CPU
		{C42249F2-0B78-40B1-81C6-13B07874F74C}.Release|ARM.ActiveCfg = Release|ARM
		{C42249F2-0B78-40B1-81C6-13B07874F74C}.Release|ARM.Build.0 = Release|ARM
		{C42249F2-0B78-40B1-81C6-13B07874F74C}.Release|ARM.Deploy.0 = Release|ARM
		{C42249F2-0B78-40B1-81C6-13B07874F74C}.Release|Mixed Platforms.ActiveCfg = Release|x86
		{C42249F2-0B78-40B1-81C6-13B07874F74C}.Release|Mixed Platforms.Build.0 = Release|x86
		{C42249F2-0B78-40B1-81C6-13B07874F74C}.Release|Mixed Platforms.Deploy.0 = Release|x86
		{C42249F2-0B78-40B1-81C6-13B07874F74C}.Release|x64.ActiveCfg = Release|x64
		{C42249F2-0B78-40B1-81C6-13B07874F74C}.Release|x64.Build.0 = Release|x64
		{C42249F2-0B78-40B1-81C6-13B07874F74C}.Release|x64.Deploy.0 = Release|x64
		{C42249F2-0B78-40B1-81C6-13B07874F74C}.Release|x86.ActiveCfg = Release|x86
		{C42249F2-0B78-40B1-81C6-13B07874F74C}.Release|x86.Build.0 = Release|x86
		{C42249F2-0B78-40B1-81C6-13B07874F74C}.Release|x86.Deploy.0 = Release|x86
	EndGlobalSection
	GlobalSection(SolutionProperties) = preSolution
		HideSolutionNode = FALSE
	EndGlobalSection
EndGlobal
